
Microsoft Visual Studio Solution File, Format Version 12.00
# Visual Studio Version 17
VisualStudioVersion = 17.6.33712.159
MinimumVisualStudioVersion = 10.0.40219.1
Project("{FAE04EC0-301F-11D3-BF4B-00C04F79EFBC}") = "JsonToBinary", "JsonToBinary\JsonToBinary.csproj", "{E9960966-3090-477B-A49C-5A2975939684}"
EndProject
Global
	GlobalSection(SolutionConfigurationPlatforms) = preSolution
		Debug|Any CPU = Debug|Any CPU
		Release|Any CPU = Release|Any CPU
	EndGlobalSection
	GlobalSection(ProjectConfigurationPlatforms) = postSolution
		{E9960966-3090-477B-A49C-5A2975939684}.Debug|Any CPU.ActiveCfg = Debug|Any CPU
		{E9960966-3090-477B-A49C-5A2975939684}.Debug|Any CPU.Build.0 = Debug|Any CPU
		{E9960966-3090-477B-A49C-5A2975939684}.Release|Any CPU.ActiveCfg = Release|Any CPU
		{E9960966-3090-477B-A49C-5A2975939684}.Release|Any CPU.Build.0 = Release|Any CPU
	EndGlobalSection
	GlobalSection(SolutionProperties) = preSolution
		HideSolutionNode = FALSE
	EndGlobalSection
	GlobalSection(ExtensibilityGlobals) = postSolution
		SolutionGuid = {0A55A671-1972-481C-903F-CCB3B394C075}
	EndGlobalSection
EndGlobal
